
Microsoft Visual Studio Solution File, Format Version 12.00
# Visual Studio Version 17
VisualStudioVersion = 17.10.35013.160
MinimumVisualStudioVersion = 10.0.40219.1
Project("{FAE04EC0-301F-11D3-BF4B-00C04F79EFBC}") = "Task1.Server", "Task1.Server\Task1.Server.csproj", "{B84930B3-1072-4CFF-AEFF-25B902F9DD67}"
EndProject
Project("{54A90642-561A-4BB1-A94E-469ADEE60C69}") = "task1.client", "task1.client\task1.client.esproj", "{6D4A01EF-FA8E-45F5-A3A8-F1F22AE51D04}"
EndProject
Global
	GlobalSection(SolutionConfigurationPlatforms) = preSolution
		Debug|Any CPU = Debug|Any CPU
		Release|Any CPU = Release|Any CPU
	EndGlobalSection
	GlobalSection(ProjectConfigurationPlatforms) = postSolution
		{B84930B3-1072-4CFF-AEFF-25B902F9DD67}.Debug|Any CPU.ActiveCfg = Debug|Any CPU
		{B84930B3-1072-4CFF-AEFF-25B902F9DD67}.Debug|Any CPU.Build.0 = Debug|Any CPU
		{B84930B3-1072-4CFF-AEFF-25B902F9DD67}.Release|Any CPU.ActiveCfg = Release|Any CPU
		{B84930B3-1072-4CFF-AEFF-25B902F9DD67}.Release|Any CPU.Build.0 = Release|Any CPU
		{6D4A01EF-FA8E-45F5-A3A8-F1F22AE51D04}.Debug|Any CPU.ActiveCfg = Debug|Any CPU
		{6D4A01EF-FA8E-45F5-A3A8-F1F22AE51D04}.Debug|Any CPU.Build.0 = Debug|Any CPU
		{6D4A01EF-FA8E-45F5-A3A8-F1F22AE51D04}.Debug|Any CPU.Deploy.0 = Debug|Any CPU
		{6D4A01EF-FA8E-45F5-A3A8-F1F22AE51D04}.Release|Any CPU.ActiveCfg = Release|Any CPU
		{6D4A01EF-FA8E-45F5-A3A8-F1F22AE51D04}.Release|Any CPU.Build.0 = Release|Any CPU
		{6D4A01EF-FA8E-45F5-A3A8-F1F22AE51D04}.Release|Any CPU.Deploy.0 = Release|Any CPU
	EndGlobalSection
	GlobalSection(SolutionProperties) = preSolution
		HideSolutionNode = FALSE
	EndGlobalSection
	GlobalSection(ExtensibilityGlobals) = postSolution
		SolutionGuid = {E4079F93-B6B2-4ED3-A6B6-D78D45A35941}
	EndGlobalSection
EndGlobal
